
Microsoft Visual Studio Solution File, Format Version 12.00
# Visual Studio 15
VisualStudioVersion = 15.0.28307.102
MinimumVisualStudioVersion = 10.0.40219.1
Project("{FAE04EC0-301F-11D3-BF4B-00C04F79EFBC}") = "WannaBeSnake", "WannaBeSnake\WannaBeSnake.csproj", "{F637AA02-A2E4-4A9A-A4B1-3AC3752FAC7C}"
EndProject
Global
	GlobalSection(SolutionConfigurationPlatforms) = preSolution
		Debug|Any CPU = Debug|Any CPU
		Release|Any CPU = Release|Any CPU
	EndGlobalSection
	GlobalSection(ProjectConfigurationPlatforms) = postSolution
		{F637AA02-A2E4-4A9A-A4B1-3AC3752FAC7C}.Debug|Any CPU.ActiveCfg = Debug|Any CPU
		{F637AA02-A2E4-4A9A-A4B1-3AC3752FAC7C}.Debug|Any CPU.Build.0 = Debug|Any CPU
		{F637AA02-A2E4-4A9A-A4B1-3AC3752FAC7C}.Release|Any CPU.ActiveCfg = Release|Any CPU
		{F637AA02-A2E4-4A9A-A4B1-3AC3752FAC7C}.Release|Any CPU.Build.0 = Release|Any CPU
	EndGlobalSection
	GlobalSection(SolutionProperties) = preSolution
		HideSolutionNode = FALSE
	EndGlobalSection
	GlobalSection(ExtensibilityGlobals) = postSolution
		SolutionGuid = {0076CB6D-8D54-44A6-BFC5-893868CFEF41}
	EndGlobalSection
EndGlobal
